
Microsoft Visual Studio Solution File, Format Version 12.00
# Visual Studio Version 17
VisualStudioVersion = 17.4.33403.182
MinimumVisualStudioVersion = 10.0.40219.1
Project("{FAE04EC0-301F-11D3-BF4B-00C04F79EFBC}") = "WebApiMioExercise", "WebApiMioExercise\WebApiMioExercise.csproj", "{FD32DABF-BC7C-4AD2-9CDC-FE1DAEE6346D}"
EndProject
Global
	GlobalSection(SolutionConfigurationPlatforms) = preSolution
		Debug|Any CPU = Debug|Any CPU
		Release|Any CPU = Release|Any CPU
	EndGlobalSection
	GlobalSection(ProjectConfigurationPlatforms) = postSolution
		{FD32DABF-BC7C-4AD2-9CDC-FE1DAEE6346D}.Debug|Any CPU.ActiveCfg = Debug|Any CPU
		{FD32DABF-BC7C-4AD2-9CDC-FE1DAEE6346D}.Debug|Any CPU.Build.0 = Debug|Any CPU
		{FD32DABF-BC7C-4AD2-9CDC-FE1DAEE6346D}.Release|Any CPU.ActiveCfg = Release|Any CPU
		{FD32DABF-BC7C-4AD2-9CDC-FE1DAEE6346D}.Release|Any CPU.Build.0 = Release|Any CPU
	EndGlobalSection
	GlobalSection(SolutionProperties) = preSolution
		HideSolutionNode = FALSE
	EndGlobalSection
	GlobalSection(ExtensibilityGlobals) = postSolution
		SolutionGuid = {36BF0EDD-A47A-41CB-BFB9-E6E4A7D4051C}
	EndGlobalSection
EndGlobal
